
Microsoft Visual Studio Solution File, Format Version 12.00
# Visual Studio Version 17
VisualStudioVersion = 17.11.35222.181
MinimumVisualStudioVersion = 10.0.40219.1
Project("{9A19103F-16F7-4668-BE54-9A1E7A4F7556}") = "App.Repositories", "Repositories\App.Repositories.csproj", "{A4F4187A-1546-4BC1-88A1-E73FA378E783}"
EndProject
Project("{9A19103F-16F7-4668-BE54-9A1E7A4F7556}") = "App.Services", "Services\App.Services.csproj", "{0364FA34-F720-45F2-998F-86C7D78EFCCF}"
EndProject
Project("{9A19103F-16F7-4668-BE54-9A1E7A4F7556}") = "App.API", "App.API\App.API.csproj", "{011B534E-0080-4E6F-9CB3-5B30940AB987}"
EndProject
Project("{2150E333-8FDC-42A3-9474-1A3956D46DE8}") = "NLayer", "NLayer", "{3C04E711-9F39-45AE-AB9D-C49793636A04}"
EndProject
Project("{2150E333-8FDC-42A3-9474-1A3956D46DE8}") = "CleanArchitecture", "CleanArchitecture", "{CA90FADD-923F-4EB4-A0F7-224C91D2D9A4}"
EndProject
Project("{2150E333-8FDC-42A3-9474-1A3956D46DE8}") = "src", "src", "{73E1A873-9A7D-4190-B8B9-7C4384A2D06D}"
EndProject
Project("{2150E333-8FDC-42A3-9474-1A3956D46DE8}") = "test", "test", "{43AA0F38-1009-4515-AB18-6AF46D88D78B}"
EndProject
Project("{2150E333-8FDC-42A3-9474-1A3956D46DE8}") = "Core", "Core", "{1AC98724-DDB9-4250-8232-3FB5FCCDD20A}"
EndProject
Project("{FAE04EC0-301F-11D3-BF4B-00C04F79EFBC}") = "App.Domain", "CleanArchitecture\src\core\App.Domain\App.Domain.csproj", "{2C4B5D74-9EDA-4A67-BED9-013208439241}"
EndProject
Project("{FAE04EC0-301F-11D3-BF4B-00C04F79EFBC}") = "App.Application", "CleanArchitecture\src\core\App.Application\App.Application.csproj", "{EC8F519F-4F6A-42EB-86EF-57B2EE75FF29}"
EndProject
Project("{2150E333-8FDC-42A3-9474-1A3956D46DE8}") = "Infrastructure", "Infrastructure", "{60D91063-3652-4A2C-A34C-ACC271CA60C4}"
EndProject
Project("{FAE04EC0-301F-11D3-BF4B-00C04F79EFBC}") = "App.Persistence", "CleanArchitecture\src\Infrastructure\App.Persistence\App.Persistence.csproj", "{9AEB80B4-3F09-44A2-9811-9139267D7E0A}"
EndProject
Project("{2150E333-8FDC-42A3-9474-1A3956D46DE8}") = "API", "API", "{9BF04881-2B54-4463-BFB4-1D7853B7274F}"
EndProject
Project("{FAE04EC0-301F-11D3-BF4B-00C04F79EFBC}") = "App.API", "CleanArchitecture\src\API\App.API\App.API.csproj", "{7C4DAC4B-4EC9-4E8D-B173-1C2E9962C1E7}"
EndProject
Global
	GlobalSection(SolutionConfigurationPlatforms) = preSolution
		Debug|Any CPU = Debug|Any CPU
		Release|Any CPU = Release|Any CPU
	EndGlobalSection
	GlobalSection(ProjectConfigurationPlatforms) = postSolution
		{A4F4187A-1546-4BC1-88A1-E73FA378E783}.Debug|Any CPU.ActiveCfg = Debug|Any CPU
		{A4F4187A-1546-4BC1-88A1-E73FA378E783}.Debug|Any CPU.Build.0 = Debug|Any CPU
		{A4F4187A-1546-4BC1-88A1-E73FA378E783}.Release|Any CPU.ActiveCfg = Release|Any CPU
		{A4F4187A-1546-4BC1-88A1-E73FA378E783}.Release|Any CPU.Build.0 = Release|Any CPU
		{0364FA34-F720-45F2-998F-86C7D78EFCCF}.Debug|Any CPU.ActiveCfg = Debug|Any CPU
		{0364FA34-F720-45F2-998F-86C7D78EFCCF}.Debug|Any CPU.Build.0 = Debug|Any CPU
		{0364FA34-F720-45F2-998F-86C7D78EFCCF}.Release|Any CPU.ActiveCfg = Release|Any CPU
		{0364FA34-F720-45F2-998F-86C7D78EFCCF}.Release|Any CPU.Build.0 = Release|Any CPU
		{011B534E-0080-4E6F-9CB3-5B30940AB987}.Debug|Any CPU.ActiveCfg = Debug|Any CPU
		{011B534E-0080-4E6F-9CB3-5B30940AB987}.Debug|Any CPU.Build.0 = Debug|Any CPU
		{011B534E-0080-4E6F-9CB3-5B30940AB987}.Release|Any CPU.ActiveCfg = Release|Any CPU
		{011B534E-0080-4E6F-9CB3-5B30940AB987}.Release|Any CPU.Build.0 = Release|Any CPU
		{2C4B5D74-9EDA-4A67-BED9-013208439241}.Debug|Any CPU.ActiveCfg = Debug|Any CPU
		{2C4B5D74-9EDA-4A67-BED9-013208439241}.Debug|Any CPU.Build.0 = Debug|Any CPU
		{2C4B5D74-9EDA-4A67-BED9-013208439241}.Release|Any CPU.ActiveCfg = Release|Any CPU
		{2C4B5D74-9EDA-4A67-BED9-013208439241}.Release|Any CPU.Build.0 = Release|Any CPU
		{EC8F519F-4F6A-42EB-86EF-57B2EE75FF29}.Debug|Any CPU.ActiveCfg = Debug|Any CPU
		{EC8F519F-4F6A-42EB-86EF-57B2EE75FF29}.Debug|Any CPU.Build.0 = Debug|Any CPU
		{EC8F519F-4F6A-42EB-86EF-57B2EE75FF29}.Release|Any CPU.ActiveCfg = Release|Any CPU
		{EC8F519F-4F6A-42EB-86EF-57B2EE75FF29}.Release|Any CPU.Build.0 = Release|Any CPU
		{9AEB80B4-3F09-44A2-9811-9139267D7E0A}.Debug|Any CPU.ActiveCfg = Debug|Any CPU
		{9AEB80B4-3F09-44A2-9811-9139267D7E0A}.Debug|Any CPU.Build.0 = Debug|Any CPU
		{9AEB80B4-3F09-44A2-9811-9139267D7E0A}.Release|Any CPU.ActiveCfg = Release|Any CPU
		{9AEB80B4-3F09-44A2-9811-9139267D7E0A}.Release|Any CPU.Build.0 = Release|Any CPU
		{7C4DAC4B-4EC9-4E8D-B173-1C2E9962C1E7}.Debug|Any CPU.ActiveCfg = Debug|Any CPU
		{7C4DAC4B-4EC9-4E8D-B173-1C2E9962C1E7}.Debug|Any CPU.Build.0 = Debug|Any CPU
		{7C4DAC4B-4EC9-4E8D-B173-1C2E9962C1E7}.Release|Any CPU.ActiveCfg = Release|Any CPU
		{7C4DAC4B-4EC9-4E8D-B173-1C2E9962C1E7}.Release|Any CPU.Build.0 = Release|Any CPU
	EndGlobalSection
	GlobalSection(SolutionProperties) = preSolution
		HideSolutionNode = FALSE
	EndGlobalSection
	GlobalSection(NestedProjects) = preSolution
		{A4F4187A-1546-4BC1-88A1-E73FA378E783} = {3C04E711-9F39-45AE-AB9D-C49793636A04}
		{0364FA34-F720-45F2-998F-86C7D78EFCCF} = {3C04E711-9F39-45AE-AB9D-C49793636A04}
		{011B534E-0080-4E6F-9CB3-5B30940AB987} = {3C04E711-9F39-45AE-AB9D-C49793636A04}
		{73E1A873-9A7D-4190-B8B9-7C4384A2D06D} = {CA90FADD-923F-4EB4-A0F7-224C91D2D9A4}
		{43AA0F38-1009-4515-AB18-6AF46D88D78B} = {CA90FADD-923F-4EB4-A0F7-224C91D2D9A4}
		{1AC98724-DDB9-4250-8232-3FB5FCCDD20A} = {73E1A873-9A7D-4190-B8B9-7C4384A2D06D}
		{2C4B5D74-9EDA-4A67-BED9-013208439241} = {1AC98724-DDB9-4250-8232-3FB5FCCDD20A}
		{EC8F519F-4F6A-42EB-86EF-57B2EE75FF29} = {1AC98724-DDB9-4250-8232-3FB5FCCDD20A}
		{60D91063-3652-4A2C-A34C-ACC271CA60C4} = {73E1A873-9A7D-4190-B8B9-7C4384A2D06D}
		{9AEB80B4-3F09-44A2-9811-9139267D7E0A} = {60D91063-3652-4A2C-A34C-ACC271CA60C4}
		{9BF04881-2B54-4463-BFB4-1D7853B7274F} = {73E1A873-9A7D-4190-B8B9-7C4384A2D06D}
		{7C4DAC4B-4EC9-4E8D-B173-1C2E9962C1E7} = {9BF04881-2B54-4463-BFB4-1D7853B7274F}
	EndGlobalSection
	GlobalSection(ExtensibilityGlobals) = postSolution
		SolutionGuid = {ECF669BA-59AC-4F49-8D60-DD61EC6E3A53}
	EndGlobalSection
EndGlobal
